
Microsoft Visual Studio Solution File, Format Version 12.00
# Visual Studio Version 16
VisualStudioVersion = 16.0.31702.278
MinimumVisualStudioVersion = 10.0.40219.1
Project("{FAE04EC0-301F-11D3-BF4B-00C04F79EFBC}") = "WpfApp10", "WpfApp10\WpfApp10.csproj", "{ECE3A194-697C-4FB8-B4D0-473B4C23A546}"
EndProject
Global
	GlobalSection(SolutionConfigurationPlatforms) = preSolution
		Debug|Any CPU = Debug|Any CPU
		Release|Any CPU = Release|Any CPU
	EndGlobalSection
	GlobalSection(ProjectConfigurationPlatforms) = postSolution
		{ECE3A194-697C-4FB8-B4D0-473B4C23A546}.Debug|Any CPU.ActiveCfg = Debug|Any CPU
		{ECE3A194-697C-4FB8-B4D0-473B4C23A546}.Debug|Any CPU.Build.0 = Debug|Any CPU
		{ECE3A194-697C-4FB8-B4D0-473B4C23A546}.Release|Any CPU.ActiveCfg = Release|Any CPU
		{ECE3A194-697C-4FB8-B4D0-473B4C23A546}.Release|Any CPU.Build.0 = Release|Any CPU
	EndGlobalSection
	GlobalSection(SolutionProperties) = preSolution
		HideSolutionNode = FALSE
	EndGlobalSection
	GlobalSection(ExtensibilityGlobals) = postSolution
		SolutionGuid = {BC50F327-BB0E-44B8-87FC-A89ADFED78FD}
	EndGlobalSection
EndGlobal
